
Microsoft Visual Studio Solution File, Format Version 12.00
# Visual Studio 2012
Project("{FAE04EC0-301F-11D3-BF4B-00C04F79EFBC}") = "Bookkeeping.Model", "Bookkeeping.Model\Bookkeeping.Model.csproj", "{1AF8001E-CD14-457C-AD21-094F6A5673F1}"
EndProject
Project("{FAE04EC0-301F-11D3-BF4B-00C04F79EFBC}") = "Bookkeeping.DAL", "Bookkeeping.DAL\Bookkeeping.DAL.csproj", "{1D10C871-6DCB-4A60-AA50-AB87E8102550}"
EndProject
Project("{FAE04EC0-301F-11D3-BF4B-00C04F79EFBC}") = "Bookkeeping.BLL", "Bookkeeping.BLL\Bookkeeping.BLL.csproj", "{7C5A2EB9-BB4F-431B-8CC7-4CBF0DF2B5BB}"
EndProject
Project("{FAE04EC0-301F-11D3-BF4B-00C04F79EFBC}") = "Bookkeeping.UI", "Bookkeeping.UI\Bookkeeping.UI.csproj", "{A61C6E12-4CAF-481A-A8A0-D7CD1747351C}"
EndProject
Global
	GlobalSection(SolutionConfigurationPlatforms) = preSolution
		Debug|Any CPU = Debug|Any CPU
		Release|Any CPU = Release|Any CPU
	EndGlobalSection
	GlobalSection(ProjectConfigurationPlatforms) = postSolution
		{1AF8001E-CD14-457C-AD21-094F6A5673F1}.Debug|Any CPU.ActiveCfg = Debug|Any CPU
		{1AF8001E-CD14-457C-AD21-094F6A5673F1}.Debug|Any CPU.Build.0 = Debug|Any CPU
		{1AF8001E-CD14-457C-AD21-094F6A5673F1}.Release|Any CPU.ActiveCfg = Release|Any CPU
		{1AF8001E-CD14-457C-AD21-094F6A5673F1}.Release|Any CPU.Build.0 = Release|Any CPU
		{1D10C871-6DCB-4A60-AA50-AB87E8102550}.Debug|Any CPU.ActiveCfg = Debug|Any CPU
		{1D10C871-6DCB-4A60-AA50-AB87E8102550}.Debug|Any CPU.Build.0 = Debug|Any CPU
		{1D10C871-6DCB-4A60-AA50-AB87E8102550}.Release|Any CPU.ActiveCfg = Release|Any CPU
		{1D10C871-6DCB-4A60-AA50-AB87E8102550}.Release|Any CPU.Build.0 = Release|Any CPU
		{7C5A2EB9-BB4F-431B-8CC7-4CBF0DF2B5BB}.Debug|Any CPU.ActiveCfg = Debug|Any CPU
		{7C5A2EB9-BB4F-431B-8CC7-4CBF0DF2B5BB}.Debug|Any CPU.Build.0 = Debug|Any CPU
		{7C5A2EB9-BB4F-431B-8CC7-4CBF0DF2B5BB}.Release|Any CPU.ActiveCfg = Release|Any CPU
		{7C5A2EB9-BB4F-431B-8CC7-4CBF0DF2B5BB}.Release|Any CPU.Build.0 = Release|Any CPU
		{A61C6E12-4CAF-481A-A8A0-D7CD1747351C}.Debug|Any CPU.ActiveCfg = Debug|Any CPU
		{A61C6E12-4CAF-481A-A8A0-D7CD1747351C}.Debug|Any CPU.Build.0 = Debug|Any CPU
		{A61C6E12-4CAF-481A-A8A0-D7CD1747351C}.Release|Any CPU.ActiveCfg = Release|Any CPU
		{A61C6E12-4CAF-481A-A8A0-D7CD1747351C}.Release|Any CPU.Build.0 = Release|Any CPU
	EndGlobalSection
	GlobalSection(SolutionProperties) = preSolution
		HideSolutionNode = FALSE
	EndGlobalSection
EndGlobal
